{
  "name": "express-route-controller",
  "version": "0.0.5",
  "lockfileVersion": 1,
  "requires": true,
  "dependencies": {
    "ctrlr": {
      "version": "0.2.2",
      "resolved": "https://registry.npmjs.org/ctrlr/-/ctrlr-0.2.2.tgz",
      "integrity": "sha1-2RfWzyBK6Eyr1vFHGpwf5f7UlHE=",
      "requires": {
        "directory": "~0.1.0"
      }
    },
    "directory": {
      "version": "0.1.0",
      "resolved": "https://registry.npmjs.org/directory/-/directory-0.1.0.tgz",
      "integrity": "sha1-jSKLiz6H9mE15S0CWnO2VScAiNc="
    },
    "lodash": {
      "version": "3.10.1",
      "resolved": "http://registry.npmjs.org/lodash/-/lodash-3.10.1.tgz",
      "integrity": "sha1-W/Rejkm6QYnhfUgnid/RW9FAt7Y="
    }
  }
}
